// !$*UTF8*$!
{
	archiveVersion = 1;
	classes = {
	};
	objectVersion = 46;
	objects = {

/* Begin PBXBuildFile section */
		2706E2791BCC48B400537B7E /* Constants.swift in Sources */ = {isa = PBXBuildFile; fileRef = 2706E2781BCC48B400537B7E /* Constants.swift */; settings = {ASSET_TAGS = (); }; };
		2706E27B1BCC6B2400537B7E /* Util.swift in Sources */ = {isa = PBXBuildFile; fileRef = 2706E27A1BCC6B2400537B7E /* Util.swift */; settings = {ASSET_TAGS = (); }; };
		2706E27D1BCC911700537B7E /* OpenSans-Light.ttf in Resources */ = {isa = PBXBuildFile; fileRef = 2706E27C1BCC911700537B7E /* OpenSans-Light.ttf */; };
		271DD9F61BC57A4900FF864B /* LoginViewController.swift in Sources */ = {isa = PBXBuildFile; fileRef = 271DD9F51BC57A4900FF864B /* LoginViewController.swift */; settings = {ASSET_TAGS = (); }; };
		271DD9FC1BC6E54200FF864B /* SignupViewController.swift in Sources */ = {isa = PBXBuildFile; fileRef = 271DD9FB1BC6E54200FF864B /* SignupViewController.swift */; settings = {ASSET_TAGS = (); }; };
		271DD9FE1BC6E7E400FF864B /* LandingViewController.swift in Sources */ = {isa = PBXBuildFile; fileRef = 271DD9FD1BC6E7E400FF864B /* LandingViewController.swift */; settings = {ASSET_TAGS = (); }; };
		273957781BCF0E3B0044EE19 /* ProfileViewController.swift in Sources */ = {isa = PBXBuildFile; fileRef = 273957771BCF0E3B0044EE19 /* ProfileViewController.swift */; settings = {ASSET_TAGS = (); }; };
		27A96E2B1BD15D5B00B6C1FB /* OpenSans-Regular.ttf in Resources */ = {isa = PBXBuildFile; fileRef = 27A96E2A1BD15D4D00B6C1FB /* OpenSans-Regular.ttf */; };
		27F1BD391BB0C34500BBE01A /* RequestHandler.swift in Sources */ = {isa = PBXBuildFile; fileRef = 27F1BD381BB0C34500BBE01A /* RequestHandler.swift */; settings = {ASSET_TAGS = (); }; };
		49912B0C1BBD9DED007CC54D /* CoreLocation.framework in Frameworks */ = {isa = PBXBuildFile; fileRef = 49912B0B1BBD9DED007CC54D /* CoreLocation.framework */; };
		49912B0E1BBDB276007CC54D /* EventViewController.swift in Sources */ = {isa = PBXBuildFile; fileRef = 49912B0D1BBDB276007CC54D /* EventViewController.swift */; settings = {ASSET_TAGS = (); }; };
		49912B101BC47BFD007CC54D /* EventFormViewController.swift in Sources */ = {isa = PBXBuildFile; fileRef = 49912B0F1BC47BFC007CC54D /* EventFormViewController.swift */; settings = {ASSET_TAGS = (); }; };
		49A897B01BC710E700BBD558 /* FontAwesome.otf in Resources */ = {isa = PBXBuildFile; fileRef = 49A897AF1BC710E700BBD558 /* FontAwesome.otf */; settings = {ASSET_TAGS = (); }; };
		6188B4C91BA282570081223C /* AppDelegate.swift in Sources */ = {isa = PBXBuildFile; fileRef = 6188B4C81BA282570081223C /* AppDelegate.swift */; };
		6188B4CB1BA282570081223C /* ViewController.swift in Sources */ = {isa = PBXBuildFile; fileRef = 6188B4CA1BA282570081223C /* ViewController.swift */; };
		6188B4CE1BA282570081223C /* Main.storyboard in Resources */ = {isa = PBXBuildFile; fileRef = 6188B4CC1BA282570081223C /* Main.storyboard */; };
		6188B4D01BA282580081223C /* Images.xcassets in Resources */ = {isa = PBXBuildFile; fileRef = 6188B4CF1BA282580081223C /* Images.xcassets */; };
		6188B4D31BA282580081223C /* LaunchScreen.xib in Resources */ = {isa = PBXBuildFile; fileRef = 6188B4D11BA282580081223C /* LaunchScreen.xib */; };
		6188B4DF1BA282580081223C /* BluetoothTestTests.swift in Sources */ = {isa = PBXBuildFile; fileRef = 6188B4DE1BA282580081223C /* BluetoothTestTests.swift */; };
		618C4FCC1BCEA0CC007F238E /* HomeViewController.swift in Sources */ = {isa = PBXBuildFile; fileRef = 618C4FCB1BCEA0CC007F238E /* HomeViewController.swift */; settings = {ASSET_TAGS = (); }; };
		6816182FCB2BEF43E6C8BC85 /* Pods_BluetoothTest.framework in Frameworks */ = {isa = PBXBuildFile; fileRef = A0520EB9629DA02B6D13A8A6 /* Pods_BluetoothTest.framework */; settings = {ATTRIBUTES = (Weak, ); }; };
		9AEECE2C3F54384387CAA146 /* Pods_BluetoothTest.framework in Frameworks */ = {isa = PBXBuildFile; fileRef = A0520EB9629DA02B6D13A8A6 /* Pods_BluetoothTest.framework */; settings = {ATTRIBUTES = (Weak, ); }; };
		E90C2E98EEA32D8BCC1BEFE9 /* (null) in Frameworks */ = {isa = PBXBuildFile; };
/* End PBXBuildFile section */

/* Begin PBXContainerItemProxy section */
		6188B4D91BA282580081223C /* PBXContainerItemProxy */ = {
			isa = PBXContainerItemProxy;
			containerPortal = 6188B4BB1BA282570081223C /* Project object */;
			proxyType = 1;
			remoteGlobalIDString = 6188B4C21BA282570081223C;
			remoteInfo = BluetoothTest;
		};
/* End PBXContainerItemProxy section */

/* Begin PBXFileReference section */
		2706E2781BCC48B400537B7E /* Constants.swift */ = {isa = PBXFileReference; fileEncoding = 4; lastKnownFileType = sourcecode.swift; path = Constants.swift; sourceTree = "<group>"; };
		2706E27A1BCC6B2400537B7E /* Util.swift */ = {isa = PBXFileReference; fileEncoding = 4; lastKnownFileType = sourcecode.swift; path = Util.swift; sourceTree = "<group>"; };
		2706E27C1BCC911700537B7E /* OpenSans-Light.ttf */ = {isa = PBXFileReference; lastKnownFileType = file; path = "OpenSans-Light.ttf"; sourceTree = "<group>"; };
		271DD9F51BC57A4900FF864B /* LoginViewController.swift */ = {isa = PBXFileReference; fileEncoding = 4; lastKnownFileType = sourcecode.swift; path = LoginViewController.swift; sourceTree = "<group>"; };
		271DD9FB1BC6E54200FF864B /* SignupViewController.swift */ = {isa = PBXFileReference; fileEncoding = 4; lastKnownFileType = sourcecode.swift; path = SignupViewController.swift; sourceTree = "<group>"; };
		271DD9FD1BC6E7E400FF864B /* LandingViewController.swift */ = {isa = PBXFileReference; fileEncoding = 4; lastKnownFileType = sourcecode.swift; path = LandingViewController.swift; sourceTree = "<group>"; };
		273957771BCF0E3B0044EE19 /* ProfileViewController.swift */ = {isa = PBXFileReference; fileEncoding = 4; lastKnownFileType = sourcecode.swift; path = ProfileViewController.swift; sourceTree = "<group>"; };
		27A96E2A1BD15D4D00B6C1FB /* OpenSans-Regular.ttf */ = {isa = PBXFileReference; lastKnownFileType = file; path = "OpenSans-Regular.ttf"; sourceTree = "<group>"; };
		27F1BD381BB0C34500BBE01A /* RequestHandler.swift */ = {isa = PBXFileReference; fileEncoding = 4; lastKnownFileType = sourcecode.swift; path = RequestHandler.swift; sourceTree = "<group>"; };
		49912B0B1BBD9DED007CC54D /* CoreLocation.framework */ = {isa = PBXFileReference; lastKnownFileType = wrapper.framework; name = CoreLocation.framework; path = System/Library/Frameworks/CoreLocation.framework; sourceTree = SDKROOT; };
		49912B0D1BBDB276007CC54D /* EventViewController.swift */ = {isa = PBXFileReference; fileEncoding = 4; lastKnownFileType = sourcecode.swift; path = EventViewController.swift; sourceTree = "<group>"; };
		49912B0F1BC47BFC007CC54D /* EventFormViewController.swift */ = {isa = PBXFileReference; fileEncoding = 4; lastKnownFileType = sourcecode.swift; path = EventFormViewController.swift; sourceTree = "<group>"; };
		49A897AF1BC710E700BBD558 /* FontAwesome.otf */ = {isa = PBXFileReference; lastKnownFileType = file; path = FontAwesome.otf; sourceTree = "<group>"; };
		6188B4C31BA282570081223C /* BluetoothTest.app */ = {isa = PBXFileReference; explicitFileType = wrapper.application; includeInIndex = 0; path = BluetoothTest.app; sourceTree = BUILT_PRODUCTS_DIR; };
		6188B4C71BA282570081223C /* Info.plist */ = {isa = PBXFileReference; lastKnownFileType = text.plist.xml; path = Info.plist; sourceTree = "<group>"; };
		6188B4C81BA282570081223C /* AppDelegate.swift */ = {isa = PBXFileReference; lastKnownFileType = sourcecode.swift; path = AppDelegate.swift; sourceTree = "<group>"; };
		6188B4CA1BA282570081223C /* ViewController.swift */ = {isa = PBXFileReference; lastKnownFileType = sourcecode.swift; path = ViewController.swift; sourceTree = "<group>"; };
		6188B4CD1BA282570081223C /* Base */ = {isa = PBXFileReference; lastKnownFileType = file.storyboard; name = Base; path = Base.lproj/Main.storyboard; sourceTree = "<group>"; };
		6188B4CF1BA282580081223C /* Images.xcassets */ = {isa = PBXFileReference; lastKnownFileType = folder.assetcatalog; path = Images.xcassets; sourceTree = "<group>"; };
		6188B4D21BA282580081223C /* Base */ = {isa = PBXFileReference; lastKnownFileType = file.xib; name = Base; path = Base.lproj/LaunchScreen.xib; sourceTree = "<group>"; };
		6188B4D81BA282580081223C /* BluetoothTestTests.xctest */ = {isa = PBXFileReference; explicitFileType = wrapper.cfbundle; includeInIndex = 0; path = BluetoothTestTests.xctest; sourceTree = BUILT_PRODUCTS_DIR; };
		6188B4DD1BA282580081223C /* Info.plist */ = {isa = PBXFileReference; lastKnownFileType = text.plist.xml; path = Info.plist; sourceTree = "<group>"; };
		6188B4DE1BA282580081223C /* BluetoothTestTests.swift */ = {isa = PBXFileReference; lastKnownFileType = sourcecode.swift; path = BluetoothTestTests.swift; sourceTree = "<group>"; };
		618C4FCB1BCEA0CC007F238E /* HomeViewController.swift */ = {isa = PBXFileReference; fileEncoding = 4; lastKnownFileType = sourcecode.swift; path = HomeViewController.swift; sourceTree = "<group>"; };
		A0520EB9629DA02B6D13A8A6 /* Pods_BluetoothTest.framework */ = {isa = PBXFileReference; explicitFileType = wrapper.framework; includeInIndex = 0; path = Pods_BluetoothTest.framework; sourceTree = BUILT_PRODUCTS_DIR; };
		AA20280748557A50A82DE35E /* Pods-BluetoothTest.debug.xcconfig */ = {isa = PBXFileReference; includeInIndex = 1; lastKnownFileType = text.xcconfig; name = "Pods-BluetoothTest.debug.xcconfig"; path = "Pods/Target Support Files/Pods-BluetoothTest/Pods-BluetoothTest.debug.xcconfig"; sourceTree = "<group>"; };
		D57BB4D432E6A2EA596C8851 /* Pods-BluetoothTest.release.xcconfig */ = {isa = PBXFileReference; includeInIndex = 1; lastKnownFileType = text.xcconfig; name = "Pods-BluetoothTest.release.xcconfig"; path = "Pods/Target Support Files/Pods-BluetoothTest/Pods-BluetoothTest.release.xcconfig"; sourceTree = "<group>"; };
/* End PBXFileReference section */

/* Begin PBXFrameworksBuildPhase section */
		6188B4C01BA282570081223C /* Frameworks */ = {
			isa = PBXFrameworksBuildPhase;
			buildActionMask = 2147483647;
			files = (
				49912B0C1BBD9DED007CC54D /* CoreLocation.framework in Frameworks */,
				9AEECE2C3F54384387CAA146 /* Pods_BluetoothTest.framework in Frameworks */,
			);
			runOnlyForDeploymentPostprocessing = 0;
		};
		6188B4D51BA282580081223C /* Frameworks */ = {
			isa = PBXFrameworksBuildPhase;
			buildActionMask = 2147483647;
			files = (
				E90C2E98EEA32D8BCC1BEFE9 /* (null) in Frameworks */,
				6816182FCB2BEF43E6C8BC85 /* Pods_BluetoothTest.framework in Frameworks */,
			);
			runOnlyForDeploymentPostprocessing = 0;
		};
/* End PBXFrameworksBuildPhase section */

/* Begin PBXGroup section */
		49A897AE1BC710D100BBD558 /* Fonts */ = {
			isa = PBXGroup;
			children = (
				49A897AF1BC710E700BBD558 /* FontAwesome.otf */,
			);
			name = Fonts;
			sourceTree = "<group>";
		};
		6188B4BA1BA282570081223C = {
			isa = PBXGroup;
			children = (
				6188B4C51BA282570081223C /* BluetoothTest */,
				6188B4DB1BA282580081223C /* BluetoothTestTests */,
				6188B4C41BA282570081223C /* Products */,
				DDC1FA5A5F90344511445593 /* Pods */,
				9DD249EF0D5592DA207BAF62 /* Frameworks */,
			);
			sourceTree = "<group>";
		};
		6188B4C41BA282570081223C /* Products */ = {
			isa = PBXGroup;
			children = (
				6188B4C31BA282570081223C /* BluetoothTest.app */,
				6188B4D81BA282580081223C /* BluetoothTestTests.xctest */,
			);
			name = Products;
			sourceTree = "<group>";
		};
		6188B4C51BA282570081223C /* BluetoothTest */ = {
			isa = PBXGroup;
			children = (
				49A897AE1BC710D100BBD558 /* Fonts */,
				6188B4C81BA282570081223C /* AppDelegate.swift */,
				49912B0F1BC47BFC007CC54D /* EventFormViewController.swift */,
				49912B0D1BBDB276007CC54D /* EventViewController.swift */,
				6188B4CA1BA282570081223C /* ViewController.swift */,
				6188B4CC1BA282570081223C /* Main.storyboard */,
				6188B4CF1BA282580081223C /* Images.xcassets */,
				6188B4D11BA282580081223C /* LaunchScreen.xib */,
				6188B4C61BA282570081223C /* Supporting Files */,
				27F1BD381BB0C34500BBE01A /* RequestHandler.swift */,
				273957771BCF0E3B0044EE19 /* ProfileViewController.swift */,
				271DD9F51BC57A4900FF864B /* LoginViewController.swift */,
				271DD9FB1BC6E54200FF864B /* SignupViewController.swift */,
				271DD9FD1BC6E7E400FF864B /* LandingViewController.swift */,
				618C4FCB1BCEA0CC007F238E /* HomeViewController.swift */,
				2706E2781BCC48B400537B7E /* Constants.swift */,
				2706E27A1BCC6B2400537B7E /* Util.swift */,
			);
			path = BluetoothTest;
			sourceTree = "<group>";
		};
		6188B4C61BA282570081223C /* Supporting Files */ = {
			isa = PBXGroup;
			children = (
				2706E27C1BCC911700537B7E /* OpenSans-Light.ttf */,
				27A96E2A1BD15D4D00B6C1FB /* OpenSans-Regular.ttf */,
				6188B4C71BA282570081223C /* Info.plist */,
			);
			name = "Supporting Files";
			sourceTree = "<group>";
		};
		6188B4DB1BA282580081223C /* BluetoothTestTests */ = {
			isa = PBXGroup;
			children = (
				6188B4DE1BA282580081223C /* BluetoothTestTests.swift */,
				6188B4DC1BA282580081223C /* Supporting Files */,
			);
			path = BluetoothTestTests;
			sourceTree = "<group>";
		};
		6188B4DC1BA282580081223C /* Supporting Files */ = {
			isa = PBXGroup;
			children = (
				6188B4DD1BA282580081223C /* Info.plist */,
			);
			name = "Supporting Files";
			sourceTree = "<group>";
		};
		9DD249EF0D5592DA207BAF62 /* Frameworks */ = {
			isa = PBXGroup;
			children = (
				49912B0B1BBD9DED007CC54D /* CoreLocation.framework */,
				A0520EB9629DA02B6D13A8A6 /* Pods_BluetoothTest.framework */,
			);
			name = Frameworks;
			sourceTree = "<group>";
		};
		DDC1FA5A5F90344511445593 /* Pods */ = {
			isa = PBXGroup;
			children = (
				AA20280748557A50A82DE35E /* Pods-BluetoothTest.debug.xcconfig */,
				D57BB4D432E6A2EA596C8851 /* Pods-BluetoothTest.release.xcconfig */,
			);
			name = Pods;
			sourceTree = "<group>";
		};
/* End PBXGroup section */

/* Begin PBXNativeTarget section */
		6188B4C21BA282570081223C /* BluetoothTest */ = {
			isa = PBXNativeTarget;
			buildConfigurationList = 6188B4E21BA282580081223C /* Build configuration list for PBXNativeTarget "BluetoothTest" */;
			buildPhases = (
				4047FEC494750DE469227ACF /* Check Pods Manifest.lock */,
				6188B4BF1BA282570081223C /* Sources */,
				6188B4C01BA282570081223C /* Frameworks */,
				6188B4C11BA282570081223C /* Resources */,
				7E7A3CDE51E1709E893F35CA /* Copy Pods Resources */,
				134F43414008E440F7CA8425 /* Embed Pods Frameworks */,
			);
			buildRules = (
			);
			dependencies = (
			);
			name = BluetoothTest;
			productName = BluetoothTest;
			productReference = 6188B4C31BA282570081223C /* BluetoothTest.app */;
			productType = "com.apple.product-type.application";
		};
		6188B4D71BA282580081223C /* BluetoothTestTests */ = {
			isa = PBXNativeTarget;
			buildConfigurationList = 6188B4E51BA282580081223C /* Build configuration list for PBXNativeTarget "BluetoothTestTests" */;
			buildPhases = (
				94EBD2E1B56C105E3BA0F8FD /* Check Pods Manifest.lock */,
				6188B4D41BA282580081223C /* Sources */,
				6188B4D51BA282580081223C /* Frameworks */,
				6188B4D61BA282580081223C /* Resources */,
				80B0E0FA9BCA45CA49179841 /* Copy Pods Resources */,
				23D7CAC0A54E49E3F6CF113E /* Embed Pods Frameworks */,
			);
			buildRules = (
			);
			dependencies = (
				6188B4DA1BA282580081223C /* PBXTargetDependency */,
			);
			name = BluetoothTestTests;
			productName = BluetoothTestTests;
			productReference = 6188B4D81BA282580081223C /* BluetoothTestTests.xctest */;
			productType = "com.apple.product-type.bundle.unit-test";
		};
/* End PBXNativeTarget section */

/* Begin PBXProject section */
		6188B4BB1BA282570081223C /* Project object */ = {
			isa = PBXProject;
			attributes = {
				LastSwiftMigration = 0700;
				LastSwiftUpdateCheck = 0700;
				LastUpgradeCheck = 0700;
				ORGANIZATIONNAME = "Vivek Sudarsan";
				TargetAttributes = {
					6188B4C21BA282570081223C = {
						CreatedOnToolsVersion = 6.4;
						DevelopmentTeam = W9N77F6KZT;
					};
					6188B4D71BA282580081223C = {
						CreatedOnToolsVersion = 6.4;
						DevelopmentTeam = 963W32VWA9;
						TestTargetID = 6188B4C21BA282570081223C;
					};
				};
			};
			buildConfigurationList = 6188B4BE1BA282570081223C /* Build configuration list for PBXProject "BluetoothTest" */;
			compatibilityVersion = "Xcode 3.2";
			developmentRegion = English;
			hasScannedForEncodings = 0;
			knownRegions = (
				en,
				Base,
			);
			mainGroup = 6188B4BA1BA282570081223C;
			productRefGroup = 6188B4C41BA282570081223C /* Products */;
			projectDirPath = "";
			projectRoot = "";
			targets = (
				6188B4C21BA282570081223C /* BluetoothTest */,
				6188B4D71BA282580081223C /* BluetoothTestTests */,
			);
		};
/* End PBXProject section */

/* Begin PBXResourcesBuildPhase section */
		6188B4C11BA282570081223C /* Resources */ = {
			isa = PBXResourcesBuildPhase;
			buildActionMask = 2147483647;
			files = (
				27A96E2B1BD15D5B00B6C1FB /* OpenSans-Regular.ttf in Resources */,
				2706E27D1BCC911700537B7E /* OpenSans-Light.ttf in Resources */,
				6188B4CE1BA282570081223C /* Main.storyboard in Resources */,
				6188B4D31BA282580081223C /* LaunchScreen.xib in Resources */,
				49A897B01BC710E700BBD558 /* FontAwesome.otf in Resources */,
				6188B4D01BA282580081223C /* Images.xcassets in Resources */,
			);
			runOnlyForDeploymentPostprocessing = 0;
		};
		6188B4D61BA282580081223C /* Resources */ = {
			isa = PBXResourcesBuildPhase;
			buildActionMask = 2147483647;
			files = (
			);
			runOnlyForDeploymentPostprocessing = 0;
		};
/* End PBXResourcesBuildPhase section */

/* Begin PBXShellScriptBuildPhase section */
		134F43414008E440F7CA8425 /* Embed Pods Frameworks */ = {
			isa = PBXShellScriptBuildPhase;
			buildActionMask = 2147483647;
			files = (
			);
			inputPaths = (
			);
			name = "Embed Pods Frameworks";
			outputPaths = (
			);
			runOnlyForDeploymentPostprocessing = 0;
			shellPath = /bin/sh;
			shellScript = "\"${SRCROOT}/Pods/Target Support Files/Pods-BluetoothTest/Pods-BluetoothTest-frameworks.sh\"\n";
			showEnvVarsInLog = 0;
		};
		23D7CAC0A54E49E3F6CF113E /* Embed Pods Frameworks */ = {
			isa = PBXShellScriptBuildPhase;
			buildActionMask = 2147483647;
			files = (
			);
			inputPaths = (
			);
			name = "Embed Pods Frameworks";
			outputPaths = (
			);
			runOnlyForDeploymentPostprocessing = 0;
			shellPath = /bin/sh;
			shellScript = "\"${SRCROOT}/Pods/Target Support Files/Pods-BluetoothTest/Pods-BluetoothTest-frameworks.sh\"\n";
			showEnvVarsInLog = 0;
		};
		4047FEC494750DE469227ACF /* Check Pods Manifest.lock */ = {
			isa = PBXShellScriptBuildPhase;
			buildActionMask = 2147483647;
			files = (
			);
			inputPaths = (
			);
			name = "Check Pods Manifest.lock";
			outputPaths = (
			);
			runOnlyForDeploymentPostprocessing = 0;
			shellPath = /bin/sh;
			shellScript = "diff \"${PODS_ROOT}/../Podfile.lock\" \"${PODS_ROOT}/Manifest.lock\" > /dev/null\nif [[ $? != 0 ]] ; then\n    cat << EOM\nerror: The sandbox is not in sync with the Podfile.lock. Run 'pod install' or update your CocoaPods installation.\nEOM\n    exit 1\nfi\n";
			showEnvVarsInLog = 0;
		};
		7E7A3CDE51E1709E893F35CA /* Copy Pods Resources */ = {
			isa = PBXShellScriptBuildPhase;
			buildActionMask = 2147483647;
			files = (
			);
			inputPaths = (
			);
			name = "Copy Pods Resources";
			outputPaths = (
			);
			runOnlyForDeploymentPostprocessing = 0;
			shellPath = /bin/sh;
			shellScript = "\"${SRCROOT}/Pods/Target Support Files/Pods-BluetoothTest/Pods-BluetoothTest-resources.sh\"\n";
			showEnvVarsInLog = 0;
		};
		80B0E0FA9BCA45CA49179841 /* Copy Pods Resources */ = {
			isa = PBXShellScriptBuildPhase;
			buildActionMask = 2147483647;
			files = (
			);
			inputPaths = (
			);
			name = "Copy Pods Resources";
			outputPaths = (
			);
			runOnlyForDeploymentPostprocessing = 0;
			shellPath = /bin/sh;
			shellScript = "\"${SRCROOT}/Pods/Target Support Files/Pods-BluetoothTest/Pods-BluetoothTest-resources.sh\"\n";
			showEnvVarsInLog = 0;
		};
		94EBD2E1B56C105E3BA0F8FD /* Check Pods Manifest.lock */ = {
			isa = PBXShellScriptBuildPhase;
			buildActionMask = 2147483647;
			files = (
			);
			inputPaths = (
			);
			name = "Check Pods Manifest.lock";
			outputPaths = (
			);
			runOnlyForDeploymentPostprocessing = 0;
			shellPath = /bin/sh;
			shellScript = "diff \"${PODS_ROOT}/../Podfile.lock\" \"${PODS_ROOT}/Manifest.lock\" > /dev/null\nif [[ $? != 0 ]] ; then\n    cat << EOM\nerror: The sandbox is not in sync with the Podfile.lock. Run 'pod install' or update your CocoaPods installation.\nEOM\n    exit 1\nfi\n";
			showEnvVarsInLog = 0;
		};
/* End PBXShellScriptBuildPhase section */

/* Begin PBXSourcesBuildPhase section */
		6188B4BF1BA282570081223C /* Sources */ = {
			isa = PBXSourcesBuildPhase;
			buildActionMask = 2147483647;
			files = (
				2706E27B1BCC6B2400537B7E /* Util.swift in Sources */,
				271DD9F61BC57A4900FF864B /* LoginViewController.swift in Sources */,
				49912B0E1BBDB276007CC54D /* EventViewController.swift in Sources */,
				271DD9FC1BC6E54200FF864B /* SignupViewController.swift in Sources */,
				6188B4CB1BA282570081223C /* ViewController.swift in Sources */,
				2706E2791BCC48B400537B7E /* Constants.swift in Sources */,
				49912B101BC47BFD007CC54D /* EventFormViewController.swift in Sources */,
				27F1BD391BB0C34500BBE01A /* RequestHandler.swift in Sources */,
				271DD9FE1BC6E7E400FF864B /* LandingViewController.swift in Sources */,
				273957781BCF0E3B0044EE19 /* ProfileViewController.swift in Sources */,
				6188B4C91BA282570081223C /* AppDelegate.swift in Sources */,
				618C4FCC1BCEA0CC007F238E /* HomeViewController.swift in Sources */,
			);
			runOnlyForDeploymentPostprocessing = 0;
		};
		6188B4D41BA282580081223C /* Sources */ = {
			isa = PBXSourcesBuildPhase;
			buildActionMask = 2147483647;
			files = (
				6188B4DF1BA282580081223C /* BluetoothTestTests.swift in Sources */,
			);
			runOnlyForDeploymentPostprocessing = 0;
		};
/* End PBXSourcesBuildPhase section */

/* Begin PBXTargetDependency section */
		6188B4DA1BA282580081223C /* PBXTargetDependency */ = {
			isa = PBXTargetDependency;
			target = 6188B4C21BA282570081223C /* BluetoothTest */;
			targetProxy = 6188B4D91BA282580081223C /* PBXContainerItemProxy */;
		};
/* End PBXTargetDependency section */

/* Begin PBXVariantGroup section */
		6188B4CC1BA282570081223C /* Main.storyboard */ = {
			isa = PBXVariantGroup;
			children = (
				6188B4CD1BA282570081223C /* Base */,
			);
			name = Main.storyboard;
			sourceTree = "<group>";
		};
		6188B4D11BA282580081223C /* LaunchScreen.xib */ = {
			isa = PBXVariantGroup;
			children = (
				6188B4D21BA282580081223C /* Base */,
			);
			name = LaunchScreen.xib;
			sourceTree = "<group>";
		};
/* End PBXVariantGroup section */

/* Begin XCBuildConfiguration section */
		6188B4E01BA282580081223C /* Debug */ = {
			isa = XCBuildConfiguration;
			buildSettings = {
				ALWAYS_SEARCH_USER_PATHS = NO;
				CLANG_CXX_LANGUAGE_STANDARD = "gnu++0x";
				CLANG_CXX_LIBRARY = "libc++";
				CLANG_ENABLE_MODULES = YES;
				CLANG_ENABLE_OBJC_ARC = YES;
				CLANG_WARN_BOOL_CONVERSION = YES;
				CLANG_WARN_CONSTANT_CONVERSION = YES;
				CLANG_WARN_DIRECT_OBJC_ISA_USAGE = YES_ERROR;
				CLANG_WARN_EMPTY_BODY = YES;
				CLANG_WARN_ENUM_CONVERSION = YES;
				CLANG_WARN_INT_CONVERSION = YES;
				CLANG_WARN_OBJC_ROOT_CLASS = YES_ERROR;
				CLANG_WARN_UNREACHABLE_CODE = YES;
				CLANG_WARN__DUPLICATE_METHOD_MATCH = YES;
				"CODE_SIGN_IDENTITY[sdk=iphoneos*]" = "iPhone Developer: msoccer37@yahoo.com (V98L4UHTX7)";
				COPY_PHASE_STRIP = NO;
				DEBUG_INFORMATION_FORMAT = "dwarf-with-dsym";
				ENABLE_BITCODE = NO;
				ENABLE_STRICT_OBJC_MSGSEND = YES;
				ENABLE_TESTABILITY = YES;
				GCC_C_LANGUAGE_STANDARD = gnu99;
				GCC_DYNAMIC_NO_PIC = NO;
				GCC_NO_COMMON_BLOCKS = YES;
				GCC_OPTIMIZATION_LEVEL = 0;
				GCC_PREPROCESSOR_DEFINITIONS = (
					"DEBUG=1",
					"$(inherited)",
				);
				GCC_SYMBOLS_PRIVATE_EXTERN = NO;
				GCC_WARN_64_TO_32_BIT_CONVERSION = YES;
				GCC_WARN_ABOUT_RETURN_TYPE = YES_ERROR;
				GCC_WARN_UNDECLARED_SELECTOR = YES;
				GCC_WARN_UNINITIALIZED_AUTOS = YES_AGGRESSIVE;
				GCC_WARN_UNUSED_FUNCTION = YES;
				GCC_WARN_UNUSED_VARIABLE = YES;
				IPHONEOS_DEPLOYMENT_TARGET = 8.4;
				MTL_ENABLE_DEBUG_INFO = YES;
				ONLY_ACTIVE_ARCH = YES;
				SDKROOT = iphoneos;
				SWIFT_OPTIMIZATION_LEVEL = "-Onone";
			};
			name = Debug;
		};
		6188B4E11BA282580081223C /* Release */ = {
			isa = XCBuildConfiguration;
			buildSettings = {
				ALWAYS_SEARCH_USER_PATHS = NO;
				CLANG_CXX_LANGUAGE_STANDARD = "gnu++0x";
				CLANG_CXX_LIBRARY = "libc++";
				CLANG_ENABLE_MODULES = YES;
				CLANG_ENABLE_OBJC_ARC = YES;
				CLANG_WARN_BOOL_CONVERSION = YES;
				CLANG_WARN_CONSTANT_CONVERSION = YES;
				CLANG_WARN_DIRECT_OBJC_ISA_USAGE = YES_ERROR;
				CLANG_WARN_EMPTY_BODY = YES;
				CLANG_WARN_ENUM_CONVERSION = YES;
				CLANG_WARN_INT_CONVERSION = YES;
				CLANG_WARN_OBJC_ROOT_CLASS = YES_ERROR;
				CLANG_WARN_UNREACHABLE_CODE = YES;
				CLANG_WARN__DUPLICATE_METHOD_MATCH = YES;
				"CODE_SIGN_IDENTITY[sdk=iphoneos*]" = "iPhone Developer: msoccer37@yahoo.com (V98L4UHTX7)";
				COPY_PHASE_STRIP = NO;
				DEBUG_INFORMATION_FORMAT = "dwarf-with-dsym";
				ENABLE_BITCODE = NO;
				ENABLE_NS_ASSERTIONS = NO;
				ENABLE_STRICT_OBJC_MSGSEND = YES;
				GCC_C_LANGUAGE_STANDARD = gnu99;
				GCC_NO_COMMON_BLOCKS = YES;
				GCC_WARN_64_TO_32_BIT_CONVERSION = YES;
				GCC_WARN_ABOUT_RETURN_TYPE = YES_ERROR;
				GCC_WARN_UNDECLARED_SELECTOR = YES;
				GCC_WARN_UNINITIALIZED_AUTOS = YES_AGGRESSIVE;
				GCC_WARN_UNUSED_FUNCTION = YES;
				GCC_WARN_UNUSED_VARIABLE = YES;
				IPHONEOS_DEPLOYMENT_TARGET = 8.4;
				MTL_ENABLE_DEBUG_INFO = NO;
				SDKROOT = iphoneos;
				VALIDATE_PRODUCT = YES;
			};
			name = Release;
		};
		6188B4E31BA282580081223C /* Debug */ = {
			isa = XCBuildConfiguration;
			baseConfigurationReference = AA20280748557A50A82DE35E /* Pods-BluetoothTest.debug.xcconfig */;
			buildSettings = {
				ASSETCATALOG_COMPILER_APPICON_NAME = AppIcon;
				CODE_SIGN_IDENTITY = "iPhone Developer";
				"CODE_SIGN_IDENTITY[sdk=iphoneos*]" = "iPhone Developer";
				INFOPLIST_FILE = BluetoothTest/Info.plist;
				IPHONEOS_DEPLOYMENT_TARGET = 8.3;
				LD_RUNPATH_SEARCH_PATHS = "$(inherited) @executable_path/Frameworks";
				PRODUCT_BUNDLE_IDENTIFIER = com.cohesve2;
				PRODUCT_NAME = "$(TARGET_NAME)";
				PROVISIONING_PROFILE = "";
			};
			name = Debug;
		};
		6188B4E41BA282580081223C /* Release */ = {
			isa = XCBuildConfiguration;
			baseConfigurationReference = D57BB4D432E6A2EA596C8851 /* Pods-BluetoothTest.release.xcconfig */;
			buildSettings = {
				ASSETCATALOG_COMPILER_APPICON_NAME = AppIcon;
				CODE_SIGN_IDENTITY = "iPhone Developer";
				"CODE_SIGN_IDENTITY[sdk=iphoneos*]" = "iPhone Developer";
				INFOPLIST_FILE = BluetoothTest/Info.plist;
				IPHONEOS_DEPLOYMENT_TARGET = 8.3;
				LD_RUNPATH_SEARCH_PATHS = "$(inherited) @executable_path/Frameworks";
				PRODUCT_BUNDLE_IDENTIFIER = com.cohesve2;
				PRODUCT_NAME = "$(TARGET_NAME)";
				PROVISIONING_PROFILE = "";
			};
			name = Release;
		};
		6188B4E61BA282580081223C /* Debug */ = {
			isa = XCBuildConfiguration;
			baseConfigurationReference = AA20280748557A50A82DE35E /* Pods-BluetoothTest.debug.xcconfig */;
			buildSettings = {
				BUNDLE_LOADER = "$(TEST_HOST)";
				CODE_SIGN_IDENTITY = "iPhone Developer";
				"CODE_SIGN_IDENTITY[sdk=iphoneos*]" = "iPhone Developer";
				FRAMEWORK_SEARCH_PATHS = (
					"$(SDKROOT)/Developer/Library/Frameworks",
					"$(inherited)",
				);
				GCC_PREPROCESSOR_DEFINITIONS = (
					"DEBUG=1",
					"$(inherited)",
				);
				INFOPLIST_FILE = BluetoothTestTests/Info.plist;
				LD_RUNPATH_SEARCH_PATHS = "$(inherited) @executable_path/Frameworks @loader_path/Frameworks";
				PRODUCT_BUNDLE_IDENTIFIER = "Sudarsan.$(PRODUCT_NAME:rfc1034identifier)";
				PRODUCT_NAME = "$(TARGET_NAME)";
				PROVISIONING_PROFILE = "";
				TEST_HOST = "$(BUILT_PRODUCTS_DIR)/BluetoothTest.app/BluetoothTest";
			};
			name = Debug;
		};
		6188B4E71BA282580081223C /* Release */ = {
			isa = XCBuildConfiguration;
			baseConfigurationReference = D57BB4D432E6A2EA596C8851 /* Pods-BluetoothTest.release.xcconfig */;
			buildSettings = {
				BUNDLE_LOADER = "$(TEST_HOST)";
				CODE_SIGN_IDENTITY = "iPhone Developer";
				"CODE_SIGN_IDENTITY[sdk=iphoneos*]" = "iPhone Developer";
				FRAMEWORK_SEARCH_PATHS = (
					"$(SDKROOT)/Developer/Library/Frameworks",
					"$(inherited)",
				);
				INFOPLIST_FILE = BluetoothTestTests/Info.plist;
				LD_RUNPATH_SEARCH_PATHS = "$(inherited) @executable_path/Frameworks @loader_path/Frameworks";
				PRODUCT_BUNDLE_IDENTIFIER = "Sudarsan.$(PRODUCT_NAME:rfc1034identifier)";
				PRODUCT_NAME = "$(TARGET_NAME)";
				PROVISIONING_PROFILE = "";
				TEST_HOST = "$(BUILT_PRODUCTS_DIR)/BluetoothTest.app/BluetoothTest";
			};
			name = Release;
		};
/* End XCBuildConfiguration section */

/* Begin XCConfigurationList section */
		6188B4BE1BA282570081223C /* Build configuration list for PBXProject "BluetoothTest" */ = {
			isa = XCConfigurationList;
			buildConfigurations = (
				6188B4E01BA282580081223C /* Debug */,
				6188B4E11BA282580081223C /* Release */,
			);
			defaultConfigurationIsVisible = 0;
			defaultConfigurationName = Release;
		};
		6188B4E21BA282580081223C /* Build configuration list for PBXNativeTarget "BluetoothTest" */ = {
			isa = XCConfigurationList;
			buildConfigurations = (
				6188B4E31BA282580081223C /* Debug */,
				6188B4E41BA282580081223C /* Release */,
			);
			defaultConfigurationIsVisible = 0;
			defaultConfigurationName = Release;
		};
		6188B4E51BA282580081223C /* Build configuration list for PBXNativeTarget "BluetoothTestTests" */ = {
			isa = XCConfigurationList;
			buildConfigurations = (
				6188B4E61BA282580081223C /* Debug */,
				6188B4E71BA282580081223C /* Release */,
			);
			defaultConfigurationIsVisible = 0;
			defaultConfigurationName = Release;
		};
/* End XCConfigurationList section */
	};
	rootObject = 6188B4BB1BA282570081223C /* Project object */;
}
